
Microsoft Visual Studio Solution File, Format Version 12.00
# Visual Studio Version 16
VisualStudioVersion = 16.0.29709.97
MinimumVisualStudioVersion = 10.0.40219.1
Project("{FAE04EC0-301F-11D3-BF4B-00C04F79EFBC}") = "WebAppProduccion", "WebAppProduccion\WebAppProduccion.csproj", "{0DDF71BA-48FF-4014-9AA1-6B21A2BC04C1}"
EndProject
Global
	GlobalSection(SolutionConfigurationPlatforms) = preSolution
		Debug|Any CPU = Debug|Any CPU
		Release|Any CPU = Release|Any CPU
	EndGlobalSection
	GlobalSection(ProjectConfigurationPlatforms) = postSolution
		{0DDF71BA-48FF-4014-9AA1-6B21A2BC04C1}.Debug|Any CPU.ActiveCfg = Debug|Any CPU
		{0DDF71BA-48FF-4014-9AA1-6B21A2BC04C1}.Debug|Any CPU.Build.0 = Debug|Any CPU
		{0DDF71BA-48FF-4014-9AA1-6B21A2BC04C1}.Release|Any CPU.ActiveCfg = Release|Any CPU
		{0DDF71BA-48FF-4014-9AA1-6B21A2BC04C1}.Release|Any CPU.Build.0 = Release|Any CPU
	EndGlobalSection
	GlobalSection(SolutionProperties) = preSolution
		HideSolutionNode = FALSE
	EndGlobalSection
	GlobalSection(ExtensibilityGlobals) = postSolution
		SolutionGuid = {41718371-212A-4895-83BB-B0CF8665CEE0}
	EndGlobalSection
EndGlobal
